
Microsoft Visual Studio Solution File, Format Version 12.00
# Visual Studio Version 17
VisualStudioVersion = 17.7.34202.233
MinimumVisualStudioVersion = 10.0.40219.1
Project("{FAE04EC0-301F-11D3-BF4B-00C04F79EFBC}") = "c#4MISHA", "c#4MISHA\c#4MISHA.csproj", "{AF1D22EA-8570-4F4E-910A-BDB229738DDF}"
EndProject
Global
	GlobalSection(SolutionConfigurationPlatforms) = preSolution
		Debug|Any CPU = Debug|Any CPU
		Release|Any CPU = Release|Any CPU
	EndGlobalSection
	GlobalSection(ProjectConfigurationPlatforms) = postSolution
		{AF1D22EA-8570-4F4E-910A-BDB229738DDF}.Debug|Any CPU.ActiveCfg = Debug|Any CPU
		{AF1D22EA-8570-4F4E-910A-BDB229738DDF}.Debug|Any CPU.Build.0 = Debug|Any CPU
		{AF1D22EA-8570-4F4E-910A-BDB229738DDF}.Release|Any CPU.ActiveCfg = Release|Any CPU
		{AF1D22EA-8570-4F4E-910A-BDB229738DDF}.Release|Any CPU.Build.0 = Release|Any CPU
	EndGlobalSection
	GlobalSection(SolutionProperties) = preSolution
		HideSolutionNode = FALSE
	EndGlobalSection
	GlobalSection(ExtensibilityGlobals) = postSolution
		SolutionGuid = {09D8E6FA-4B3C-47DE-817B-07BAC644F04E}
	EndGlobalSection
EndGlobal
